
Microsoft Visual Studio Solution File, Format Version 12.00
# Visual Studio 15
VisualStudioVersion = 15.0.28307.329
MinimumVisualStudioVersion = 10.0.40219.1
Project("{FAE04EC0-301F-11D3-BF4B-00C04F79EFBC}") = "week7lab6task1", "week7lab6task1\week7lab6task1.csproj", "{601D3DCD-52D2-465F-8DA5-486FD020777A}"
EndProject
Global
	GlobalSection(SolutionConfigurationPlatforms) = preSolution
		Debug|Any CPU = Debug|Any CPU
		Release|Any CPU = Release|Any CPU
	EndGlobalSection
	GlobalSection(ProjectConfigurationPlatforms) = postSolution
		{601D3DCD-52D2-465F-8DA5-486FD020777A}.Debug|Any CPU.ActiveCfg = Debug|Any CPU
		{601D3DCD-52D2-465F-8DA5-486FD020777A}.Debug|Any CPU.Build.0 = Debug|Any CPU
		{601D3DCD-52D2-465F-8DA5-486FD020777A}.Release|Any CPU.ActiveCfg = Release|Any CPU
		{601D3DCD-52D2-465F-8DA5-486FD020777A}.Release|Any CPU.Build.0 = Release|Any CPU
	EndGlobalSection
	GlobalSection(SolutionProperties) = preSolution
		HideSolutionNode = FALSE
	EndGlobalSection
	GlobalSection(ExtensibilityGlobals) = postSolution
		SolutionGuid = {EC5E1AAD-6D1F-4CA1-A9DE-1D59015D2C9F}
	EndGlobalSection
EndGlobal
