
Microsoft Visual Studio Solution File, Format Version 12.00
# Visual Studio 15
VisualStudioVersion = 15.0.28307.329
MinimumVisualStudioVersion = 10.0.40219.1
Project("{FAE04EC0-301F-11D3-BF4B-00C04F79EFBC}") = "task 3", "task 3.csproj", "{206800D3-2008-412D-9D25-126E661BFD1C}"
EndProject
Global
	GlobalSection(SolutionConfigurationPlatforms) = preSolution
		Debug|Any CPU = Debug|Any CPU
		Release|Any CPU = Release|Any CPU
	EndGlobalSection
	GlobalSection(ProjectConfigurationPlatforms) = postSolution
		{206800D3-2008-412D-9D25-126E661BFD1C}.Debug|Any CPU.ActiveCfg = Debug|Any CPU
		{206800D3-2008-412D-9D25-126E661BFD1C}.Debug|Any CPU.Build.0 = Debug|Any CPU
		{206800D3-2008-412D-9D25-126E661BFD1C}.Release|Any CPU.ActiveCfg = Release|Any CPU
		{206800D3-2008-412D-9D25-126E661BFD1C}.Release|Any CPU.Build.0 = Release|Any CPU
	EndGlobalSection
	GlobalSection(SolutionProperties) = preSolution
		HideSolutionNode = FALSE
	EndGlobalSection
	GlobalSection(ExtensibilityGlobals) = postSolution
		SolutionGuid = {A434DB07-BB07-4DA7-AACC-58EACE11DDD9}
	EndGlobalSection
EndGlobal
